// !$*UTF8*$!
{
	archiveVersion = 1;
	classes = {
	};
	objectVersion = 46;
	objects = {

/* Begin PBXBuildFile section */
		47901C38293A835200BF41B8 /* RNNaverMapPathOverlay.m in Sources */ = {isa = PBXBuildFile; fileRef = 47901C21293A835100BF41B8 /* RNNaverMapPathOverlay.m */; };
		47901C39293A835200BF41B8 /* RNNaverMapPolylineOverlayManager.m in Sources */ = {isa = PBXBuildFile; fileRef = 47901C22293A835100BF41B8 /* RNNaverMapPolylineOverlayManager.m */; };
		47901C3A293A835200BF41B8 /* RNNaverMapCircleOverlay.m in Sources */ = {isa = PBXBuildFile; fileRef = 47901C23293A835100BF41B8 /* RNNaverMapCircleOverlay.m */; };
		47901C3B293A835200BF41B8 /* RNNaverMapPolylineOverlay.m in Sources */ = {isa = PBXBuildFile; fileRef = 47901C24293A835100BF41B8 /* RNNaverMapPolylineOverlay.m */; };
		47901C3C293A835200BF41B8 /* RNNaverMapView.m in Sources */ = {isa = PBXBuildFile; fileRef = 47901C26293A835100BF41B8 /* RNNaverMapView.m */; };
		47901C3D293A835200BF41B8 /* RNNaverMapPathOverlayManager.m in Sources */ = {isa = PBXBuildFile; fileRef = 47901C28293A835100BF41B8 /* RNNaverMapPathOverlayManager.m */; };
		47901C3E293A835200BF41B8 /* RNNaverMapMarkerManager.m in Sources */ = {isa = PBXBuildFile; fileRef = 47901C2B293A835100BF41B8 /* RNNaverMapMarkerManager.m */; };
		47901C3F293A835200BF41B8 /* RNNaverMapMarker.m in Sources */ = {isa = PBXBuildFile; fileRef = 47901C2C293A835100BF41B8 /* RNNaverMapMarker.m */; };
		47901C40293A835200BF41B8 /* RNNaverMapPolygonOverlayManager.m in Sources */ = {isa = PBXBuildFile; fileRef = 47901C30293A835100BF41B8 /* RNNaverMapPolygonOverlayManager.m */; };
		47901C41293A835200BF41B8 /* RCTConvert+NMFMapView.m in Sources */ = {isa = PBXBuildFile; fileRef = 47901C31293A835100BF41B8 /* RCTConvert+NMFMapView.m */; };
		47901C42293A835200BF41B8 /* RNNaverMapViewManager.m in Sources */ = {isa = PBXBuildFile; fileRef = 47901C32293A835200BF41B8 /* RNNaverMapViewManager.m */; };
		47901C43293A835200BF41B8 /* RNNaverMapPolygonOverlay.m in Sources */ = {isa = PBXBuildFile; fileRef = 47901C34293A835200BF41B8 /* RNNaverMapPolygonOverlay.m */; };
		47901C44293A835200BF41B8 /* RNNaverMapCircleOverlayManager.m in Sources */ = {isa = PBXBuildFile; fileRef = 47901C37293A835200BF41B8 /* RNNaverMapCircleOverlayManager.m */; };
/* End PBXBuildFile section */

/* Begin PBXCopyFilesBuildPhase section */
		58B511D91A9E6C8500147676 /* CopyFiles */ = {
			isa = PBXCopyFilesBuildPhase;
			buildActionMask = 2147483647;
			dstPath = "include/$(PRODUCT_NAME)";
			dstSubfolderSpec = 16;
			files = (
			);
			runOnlyForDeploymentPostprocessing = 0;
		};
/* End PBXCopyFilesBuildPhase section */

/* Begin PBXFileReference section */
		134814201AA4EA6300B7C361 /* libAwesomeModule.a */ = {isa = PBXFileReference; explicitFileType = archive.ar; includeInIndex = 0; path = libAwesomeModule.a; sourceTree = BUILT_PRODUCTS_DIR; };
		47901C1F293A835000BF41B8 /* RNNaverMapMarker.h */ = {isa = PBXFileReference; fileEncoding = 4; lastKnownFileType = sourcecode.c.h; path = RNNaverMapMarker.h; sourceTree = "<group>"; };
		47901C20293A835100BF41B8 /* RNNaverMapCircleOverlayManager.h */ = {isa = PBXFileReference; fileEncoding = 4; lastKnownFileType = sourcecode.c.h; path = RNNaverMapCircleOverlayManager.h; sourceTree = "<group>"; };
		47901C21293A835100BF41B8 /* RNNaverMapPathOverlay.m */ = {isa = PBXFileReference; fileEncoding = 4; lastKnownFileType = sourcecode.c.objc; path = RNNaverMapPathOverlay.m; sourceTree = "<group>"; };
		47901C22293A835100BF41B8 /* RNNaverMapPolylineOverlayManager.m */ = {isa = PBXFileReference; fileEncoding = 4; lastKnownFileType = sourcecode.c.objc; path = RNNaverMapPolylineOverlayManager.m; sourceTree = "<group>"; };
		47901C23293A835100BF41B8 /* RNNaverMapCircleOverlay.m */ = {isa = PBXFileReference; fileEncoding = 4; lastKnownFileType = sourcecode.c.objc; path = RNNaverMapCircleOverlay.m; sourceTree = "<group>"; };
		47901C24293A835100BF41B8 /* RNNaverMapPolylineOverlay.m */ = {isa = PBXFileReference; fileEncoding = 4; lastKnownFileType = sourcecode.c.objc; path = RNNaverMapPolylineOverlay.m; sourceTree = "<group>"; };
		47901C25293A835100BF41B8 /* RNNaverMapPolylineOverlayManager.h */ = {isa = PBXFileReference; fileEncoding = 4; lastKnownFileType = sourcecode.c.h; path = RNNaverMapPolylineOverlayManager.h; sourceTree = "<group>"; };
		47901C26293A835100BF41B8 /* RNNaverMapView.m */ = {isa = PBXFileReference; fileEncoding = 4; lastKnownFileType = sourcecode.c.objc; path = RNNaverMapView.m; sourceTree = "<group>"; };
		47901C27293A835100BF41B8 /* RCTConvert+NMFMapView.h */ = {isa = PBXFileReference; fileEncoding = 4; lastKnownFileType = sourcecode.c.h; path = "RCTConvert+NMFMapView.h"; sourceTree = "<group>"; };
		47901C28293A835100BF41B8 /* RNNaverMapPathOverlayManager.m */ = {isa = PBXFileReference; fileEncoding = 4; lastKnownFileType = sourcecode.c.objc; path = RNNaverMapPathOverlayManager.m; sourceTree = "<group>"; };
		47901C29293A835100BF41B8 /* RNNaverMapMarkerManager.h */ = {isa = PBXFileReference; fileEncoding = 4; lastKnownFileType = sourcecode.c.h; path = RNNaverMapMarkerManager.h; sourceTree = "<group>"; };
		47901C2A293A835100BF41B8 /* RNNaverMapCircleOverlay.h */ = {isa = PBXFileReference; fileEncoding = 4; lastKnownFileType = sourcecode.c.h; path = RNNaverMapCircleOverlay.h; sourceTree = "<group>"; };
		47901C2B293A835100BF41B8 /* RNNaverMapMarkerManager.m */ = {isa = PBXFileReference; fileEncoding = 4; lastKnownFileType = sourcecode.c.objc; path = RNNaverMapMarkerManager.m; sourceTree = "<group>"; };
		47901C2C293A835100BF41B8 /* RNNaverMapMarker.m */ = {isa = PBXFileReference; fileEncoding = 4; lastKnownFileType = sourcecode.c.objc; path = RNNaverMapMarker.m; sourceTree = "<group>"; };
		47901C2D293A835100BF41B8 /* RNNaverMapPathOverlayManager.h */ = {isa = PBXFileReference; fileEncoding = 4; lastKnownFileType = sourcecode.c.h; path = RNNaverMapPathOverlayManager.h; sourceTree = "<group>"; };
		47901C2E293A835100BF41B8 /* RNNaverMapView.h */ = {isa = PBXFileReference; fileEncoding = 4; lastKnownFileType = sourcecode.c.h; path = RNNaverMapView.h; sourceTree = "<group>"; };
		47901C2F293A835100BF41B8 /* RNNaverMapPathOverlay.h */ = {isa = PBXFileReference; fileEncoding = 4; lastKnownFileType = sourcecode.c.h; path = RNNaverMapPathOverlay.h; sourceTree = "<group>"; };
		47901C30293A835100BF41B8 /* RNNaverMapPolygonOverlayManager.m */ = {isa = PBXFileReference; fileEncoding = 4; lastKnownFileType = sourcecode.c.objc; path = RNNaverMapPolygonOverlayManager.m; sourceTree = "<group>"; };
		47901C31293A835100BF41B8 /* RCTConvert+NMFMapView.m */ = {isa = PBXFileReference; fileEncoding = 4; lastKnownFileType = sourcecode.c.objc; path = "RCTConvert+NMFMapView.m"; sourceTree = "<group>"; };
		47901C32293A835200BF41B8 /* RNNaverMapViewManager.m */ = {isa = PBXFileReference; fileEncoding = 4; lastKnownFileType = sourcecode.c.objc; path = RNNaverMapViewManager.m; sourceTree = "<group>"; };
		47901C33293A835200BF41B8 /* RNNaverMapPolygonOverlayManager.h */ = {isa = PBXFileReference; fileEncoding = 4; lastKnownFileType = sourcecode.c.h; path = RNNaverMapPolygonOverlayManager.h; sourceTree = "<group>"; };
		47901C34293A835200BF41B8 /* RNNaverMapPolygonOverlay.m */ = {isa = PBXFileReference; fileEncoding = 4; lastKnownFileType = sourcecode.c.objc; path = RNNaverMapPolygonOverlay.m; sourceTree = "<group>"; };
		47901C35293A835200BF41B8 /* RNNaverMapPolygonOverlay.h */ = {isa = PBXFileReference; fileEncoding = 4; lastKnownFileType = sourcecode.c.h; path = RNNaverMapPolygonOverlay.h; sourceTree = "<group>"; };
		47901C36293A835200BF41B8 /* RNNaverMapPolylineOverlay.h */ = {isa = PBXFileReference; fileEncoding = 4; lastKnownFileType = sourcecode.c.h; path = RNNaverMapPolylineOverlay.h; sourceTree = "<group>"; };
		47901C37293A835200BF41B8 /* RNNaverMapCircleOverlayManager.m */ = {isa = PBXFileReference; fileEncoding = 4; lastKnownFileType = sourcecode.c.objc; path = RNNaverMapCircleOverlayManager.m; sourceTree = "<group>"; };
/* End PBXFileReference section */

/* Begin PBXFrameworksBuildPhase section */
		58B511D81A9E6C8500147676 /* Frameworks */ = {
			isa = PBXFrameworksBuildPhase;
			buildActionMask = 2147483647;
			files = (
			);
			runOnlyForDeploymentPostprocessing = 0;
		};
/* End PBXFrameworksBuildPhase section */

/* Begin PBXGroup section */
		134814211AA4EA7D00B7C361 /* Products */ = {
			isa = PBXGroup;
			children = (
				134814201AA4EA6300B7C361 /* libAwesomeModule.a */,
			);
			name = Products;
			sourceTree = "<group>";
		};
		58B511D21A9E6C8500147676 = {
			isa = PBXGroup;
			children = (
				47901C27293A835100BF41B8 /* RCTConvert+NMFMapView.h */,
				47901C31293A835100BF41B8 /* RCTConvert+NMFMapView.m */,
				47901C2A293A835100BF41B8 /* RNNaverMapCircleOverlay.h */,
				47901C23293A835100BF41B8 /* RNNaverMapCircleOverlay.m */,
				47901C20293A835100BF41B8 /* RNNaverMapCircleOverlayManager.h */,
				47901C37293A835200BF41B8 /* RNNaverMapCircleOverlayManager.m */,
				47901C1F293A835000BF41B8 /* RNNaverMapMarker.h */,
				47901C2C293A835100BF41B8 /* RNNaverMapMarker.m */,
				47901C29293A835100BF41B8 /* RNNaverMapMarkerManager.h */,
				47901C2B293A835100BF41B8 /* RNNaverMapMarkerManager.m */,
				47901C2F293A835100BF41B8 /* RNNaverMapPathOverlay.h */,
				47901C21293A835100BF41B8 /* RNNaverMapPathOverlay.m */,
				47901C2D293A835100BF41B8 /* RNNaverMapPathOverlayManager.h */,
				47901C28293A835100BF41B8 /* RNNaverMapPathOverlayManager.m */,
				47901C35293A835200BF41B8 /* RNNaverMapPolygonOverlay.h */,
				47901C34293A835200BF41B8 /* RNNaverMapPolygonOverlay.m */,
				47901C33293A835200BF41B8 /* RNNaverMapPolygonOverlayManager.h */,
				47901C30293A835100BF41B8 /* RNNaverMapPolygonOverlayManager.m */,
				47901C36293A835200BF41B8 /* RNNaverMapPolylineOverlay.h */,
				47901C24293A835100BF41B8 /* RNNaverMapPolylineOverlay.m */,
				47901C25293A835100BF41B8 /* RNNaverMapPolylineOverlayManager.h */,
				47901C22293A835100BF41B8 /* RNNaverMapPolylineOverlayManager.m */,
				47901C2E293A835100BF41B8 /* RNNaverMapView.h */,
				47901C26293A835100BF41B8 /* RNNaverMapView.m */,
				47901C32293A835200BF41B8 /* RNNaverMapViewManager.m */,
				134814211AA4EA7D00B7C361 /* Products */,
			);
			sourceTree = "<group>";
		};
/* End PBXGroup section */

/* Begin PBXNativeTarget section */
		58B511DA1A9E6C8500147676 /* AwesomeModule */ = {
			isa = PBXNativeTarget;
			buildConfigurationList = 58B511EF1A9E6C8500147676 /* Build configuration list for PBXNativeTarget "AwesomeModule" */;
			buildPhases = (
				58B511D71A9E6C8500147676 /* Sources */,
				58B511D81A9E6C8500147676 /* Frameworks */,
				58B511D91A9E6C8500147676 /* CopyFiles */,
			);
			buildRules = (
			);
			dependencies = (
			);
			name = AwesomeModule;
			productName = RCTDataManager;
			productReference = 134814201AA4EA6300B7C361 /* libAwesomeModule.a */;
			productType = "com.apple.product-type.library.static";
		};
/* End PBXNativeTarget section */

/* Begin PBXProject section */
		58B511D31A9E6C8500147676 /* Project object */ = {
			isa = PBXProject;
			attributes = {
				LastUpgradeCheck = 0920;
				ORGANIZATIONNAME = Facebook;
				TargetAttributes = {
					58B511DA1A9E6C8500147676 = {
						CreatedOnToolsVersion = 6.1.1;
					};
				};
			};
			buildConfigurationList = 58B511D61A9E6C8500147676 /* Build configuration list for PBXProject "AwesomeModule" */;
			compatibilityVersion = "Xcode 3.2";
			developmentRegion = English;
			hasScannedForEncodings = 0;
			knownRegions = (
				English,
				en,
			);
			mainGroup = 58B511D21A9E6C8500147676;
			productRefGroup = 58B511D21A9E6C8500147676;
			projectDirPath = "";
			projectRoot = "";
			targets = (
				58B511DA1A9E6C8500147676 /* AwesomeModule */,
			);
		};
/* End PBXProject section */

/* Begin PBXSourcesBuildPhase section */
		58B511D71A9E6C8500147676 /* Sources */ = {
			isa = PBXSourcesBuildPhase;
			buildActionMask = 2147483647;
			files = (
				47901C3A293A835200BF41B8 /* RNNaverMapCircleOverlay.m in Sources */,
				47901C43293A835200BF41B8 /* RNNaverMapPolygonOverlay.m in Sources */,
				47901C41293A835200BF41B8 /* RCTConvert+NMFMapView.m in Sources */,
				47901C42293A835200BF41B8 /* RNNaverMapViewManager.m in Sources */,
				47901C3F293A835200BF41B8 /* RNNaverMapMarker.m in Sources */,
				47901C39293A835200BF41B8 /* RNNaverMapPolylineOverlayManager.m in Sources */,
				47901C3B293A835200BF41B8 /* RNNaverMapPolylineOverlay.m in Sources */,
				47901C3E293A835200BF41B8 /* RNNaverMapMarkerManager.m in Sources */,
				47901C3D293A835200BF41B8 /* RNNaverMapPathOverlayManager.m in Sources */,
				47901C40293A835200BF41B8 /* RNNaverMapPolygonOverlayManager.m in Sources */,
				47901C38293A835200BF41B8 /* RNNaverMapPathOverlay.m in Sources */,
				47901C44293A835200BF41B8 /* RNNaverMapCircleOverlayManager.m in Sources */,
				47901C3C293A835200BF41B8 /* RNNaverMapView.m in Sources */,
			);
			runOnlyForDeploymentPostprocessing = 0;
		};
/* End PBXSourcesBuildPhase section */

/* Begin XCBuildConfiguration section */
		58B511ED1A9E6C8500147676 /* Debug */ = {
			isa = XCBuildConfiguration;
			buildSettings = {
				ALWAYS_SEARCH_USER_PATHS = NO;
				CLANG_CXX_LANGUAGE_STANDARD = "gnu++0x";
				CLANG_CXX_LIBRARY = "libc++";
				CLANG_ENABLE_MODULES = YES;
				CLANG_ENABLE_OBJC_ARC = YES;
				CLANG_WARN_BLOCK_CAPTURE_AUTORELEASING = YES;
				CLANG_WARN_BOOL_CONVERSION = YES;
				CLANG_WARN_COMMA = YES;
				CLANG_WARN_CONSTANT_CONVERSION = YES;
				CLANG_WARN_DIRECT_OBJC_ISA_USAGE = YES_ERROR;
				CLANG_WARN_EMPTY_BODY = YES;
				CLANG_WARN_ENUM_CONVERSION = YES;
				CLANG_WARN_INFINITE_RECURSION = YES;
				CLANG_WARN_INT_CONVERSION = YES;
				CLANG_WARN_NON_LITERAL_NULL_CONVERSION = YES;
				CLANG_WARN_OBJC_LITERAL_CONVERSION = YES;
				CLANG_WARN_OBJC_ROOT_CLASS = YES_ERROR;
				CLANG_WARN_RANGE_LOOP_ANALYSIS = YES;
				CLANG_WARN_STRICT_PROTOTYPES = YES;
				CLANG_WARN_SUSPICIOUS_MOVE = YES;
				CLANG_WARN_UNREACHABLE_CODE = YES;
				CLANG_WARN__DUPLICATE_METHOD_MATCH = YES;
				COPY_PHASE_STRIP = NO;
				ENABLE_STRICT_OBJC_MSGSEND = YES;
				ENABLE_TESTABILITY = YES;
				"EXCLUDED_ARCHS[sdk=*]" = arm64;
				GCC_C_LANGUAGE_STANDARD = gnu99;
				GCC_DYNAMIC_NO_PIC = NO;
				GCC_NO_COMMON_BLOCKS = YES;
				GCC_OPTIMIZATION_LEVEL = 0;
				GCC_PREPROCESSOR_DEFINITIONS = (
					"DEBUG=1",
					"$(inherited)",
				);
				GCC_SYMBOLS_PRIVATE_EXTERN = NO;
				GCC_WARN_64_TO_32_BIT_CONVERSION = YES;
				GCC_WARN_ABOUT_RETURN_TYPE = YES_ERROR;
				GCC_WARN_UNDECLARED_SELECTOR = YES;
				GCC_WARN_UNINITIALIZED_AUTOS = YES_AGGRESSIVE;
				GCC_WARN_UNUSED_FUNCTION = YES;
				GCC_WARN_UNUSED_VARIABLE = YES;
				IPHONEOS_DEPLOYMENT_TARGET = 8.0;
				MTL_ENABLE_DEBUG_INFO = YES;
				ONLY_ACTIVE_ARCH = YES;
				SDKROOT = iphoneos;
			};
			name = Debug;
		};
		58B511EE1A9E6C8500147676 /* Release */ = {
			isa = XCBuildConfiguration;
			buildSettings = {
				ALWAYS_SEARCH_USER_PATHS = NO;
				CLANG_CXX_LANGUAGE_STANDARD = "gnu++0x";
				CLANG_CXX_LIBRARY = "libc++";
				CLANG_ENABLE_MODULES = YES;
				CLANG_ENABLE_OBJC_ARC = YES;
				CLANG_WARN_BLOCK_CAPTURE_AUTORELEASING = YES;
				CLANG_WARN_BOOL_CONVERSION = YES;
				CLANG_WARN_COMMA = YES;
				CLANG_WARN_CONSTANT_CONVERSION = YES;
				CLANG_WARN_DIRECT_OBJC_ISA_USAGE = YES_ERROR;
				CLANG_WARN_EMPTY_BODY = YES;
				CLANG_WARN_ENUM_CONVERSION = YES;
				CLANG_WARN_INFINITE_RECURSION = YES;
				CLANG_WARN_INT_CONVERSION = YES;
				CLANG_WARN_NON_LITERAL_NULL_CONVERSION = YES;
				CLANG_WARN_OBJC_LITERAL_CONVERSION = YES;
				CLANG_WARN_OBJC_ROOT_CLASS = YES_ERROR;
				CLANG_WARN_RANGE_LOOP_ANALYSIS = YES;
				CLANG_WARN_STRICT_PROTOTYPES = YES;
				CLANG_WARN_SUSPICIOUS_MOVE = YES;
				CLANG_WARN_UNREACHABLE_CODE = YES;
				CLANG_WARN__DUPLICATE_METHOD_MATCH = YES;
				COPY_PHASE_STRIP = YES;
				ENABLE_NS_ASSERTIONS = NO;
				ENABLE_STRICT_OBJC_MSGSEND = YES;
				"EXCLUDED_ARCHS[sdk=*]" = arm64;
				GCC_C_LANGUAGE_STANDARD = gnu99;
				GCC_NO_COMMON_BLOCKS = YES;
				GCC_WARN_64_TO_32_BIT_CONVERSION = YES;
				GCC_WARN_ABOUT_RETURN_TYPE = YES_ERROR;
				GCC_WARN_UNDECLARED_SELECTOR = YES;
				GCC_WARN_UNINITIALIZED_AUTOS = YES_AGGRESSIVE;
				GCC_WARN_UNUSED_FUNCTION = YES;
				GCC_WARN_UNUSED_VARIABLE = YES;
				IPHONEOS_DEPLOYMENT_TARGET = 8.0;
				MTL_ENABLE_DEBUG_INFO = NO;
				SDKROOT = iphoneos;
				VALIDATE_PRODUCT = YES;
			};
			name = Release;
		};
		58B511F01A9E6C8500147676 /* Debug */ = {
			isa = XCBuildConfiguration;
			buildSettings = {
				HEADER_SEARCH_PATHS = (
					"$(inherited)",
					/Applications/Xcode.app/Contents/Developer/Toolchains/XcodeDefault.xctoolchain/usr/include,
					"$(SRCROOT)/../../../React/**",
					"$(SRCROOT)/../../react-native/React/**",
				);
				LIBRARY_SEARCH_PATHS = "$(inherited)";
				OTHER_LDFLAGS = "-ObjC";
				PRODUCT_NAME = AwesomeModule;
				SKIP_INSTALL = YES;
			};
			name = Debug;
		};
		58B511F11A9E6C8500147676 /* Release */ = {
			isa = XCBuildConfiguration;
			buildSettings = {
				HEADER_SEARCH_PATHS = (
					"$(inherited)",
					/Applications/Xcode.app/Contents/Developer/Toolchains/XcodeDefault.xctoolchain/usr/include,
					"$(SRCROOT)/../../../React/**",
					"$(SRCROOT)/../../react-native/React/**",
				);
				LIBRARY_SEARCH_PATHS = "$(inherited)";
				OTHER_LDFLAGS = "-ObjC";
				PRODUCT_NAME = AwesomeModule;
				SKIP_INSTALL = YES;
			};
			name = Release;
		};
/* End XCBuildConfiguration section */

/* Begin XCConfigurationList section */
		58B511D61A9E6C8500147676 /* Build configuration list for PBXProject "AwesomeModule" */ = {
			isa = XCConfigurationList;
			buildConfigurations = (
				58B511ED1A9E6C8500147676 /* Debug */,
				58B511EE1A9E6C8500147676 /* Release */,
			);
			defaultConfigurationIsVisible = 0;
			defaultConfigurationName = Release;
		};
		58B511EF1A9E6C8500147676 /* Build configuration list for PBXNativeTarget "AwesomeModule" */ = {
			isa = XCConfigurationList;
			buildConfigurations = (
				58B511F01A9E6C8500147676 /* Debug */,
				58B511F11A9E6C8500147676 /* Release */,
			);
			defaultConfigurationIsVisible = 0;
			defaultConfigurationName = Release;
		};
/* End XCConfigurationList section */
	};
	rootObject = 58B511D31A9E6C8500147676 /* Project object */;
}
